
Microsoft Visual Studio Solution File, Format Version 12.00
# Visual Studio Version 17
VisualStudioVersion = 17.5.001.0
MinimumVisualStudioVersion = 10.0.40219.1
Project("{2150E333-8FDC-42A3-9474-1A3956D46DE8}") = "csharp-prep", "csharp-prep", "{6E6A7A97-99D7-4058-B4B2-A2DDF6B95D06}"
EndProject
Project("{9A19103F-16F7-4668-BE54-9A1E7A4F7556}") = "Prep1", "csharp-prep\Prep1\Prep1.csproj", "{FDC59BDB-5D13-4FB2-A212-F4696A69DF82}"
EndProject
Project("{9A19103F-16F7-4668-BE54-9A1E7A4F7556}") = "Prep2", "csharp-prep\Prep2\Prep2.csproj", "{514D8AA6-2266-41AC-89EC-5EA46497A616}"
EndProject
Project("{9A19103F-16F7-4668-BE54-9A1E7A4F7556}") = "Prep3", "csharp-prep\Prep3\Prep3.csproj", "{44E03B4F-5D05-4303-BEB1-B1B85962460B}"
EndProject
Project("{9A19103F-16F7-4668-BE54-9A1E7A4F7556}") = "Prep4", "csharp-prep\Prep4\Prep4.csproj", "{A921A38A-5D19-4885-8626-7350E30135D1}"
EndProject
Project("{9A19103F-16F7-4668-BE54-9A1E7A4F7556}") = "Prep5", "csharp-prep\Prep5\Prep5.csproj", "{0592D032-EC16-4ABC-9E80-3CC295654B4F}"
EndProject
Project("{2150E333-8FDC-42A3-9474-1A3956D46DE8}") = "final", "final", "{FC2737B7-9381-4038-AADA-99854D949D37}"
EndProject
Project("{9A19103F-16F7-4668-BE54-9A1E7A4F7556}") = "FinalProject", "final\FinalProject\FinalProject.csproj", "{FFEEDC31-7C8C-4E72-AFC4-33DD0CE291F1}"
EndProject
Project("{9A19103F-16F7-4668-BE54-9A1E7A4F7556}") = "Foundation1", "final\Foundation1\Foundation1.csproj", "{D7DFBAC4-6A3D-4FB1-9A0D-1946238D0437}"
EndProject
Project("{9A19103F-16F7-4668-BE54-9A1E7A4F7556}") = "Foundation2", "final\Foundation2\Foundation2.csproj", "{2D9847AF-FB9C-45A4-AD1C-DD3382468A47}"
EndProject
Project("{9A19103F-16F7-4668-BE54-9A1E7A4F7556}") = "Foundation3", "final\Foundation3\Foundation3.csproj", "{01F2C7BA-09A0-4A5E-A07D-677EAA8D8492}"
EndProject
Project("{9A19103F-16F7-4668-BE54-9A1E7A4F7556}") = "Foundation4", "final\Foundation4\Foundation4.csproj", "{7159F33A-2A56-414B-9C34-BB4B7CD449B7}"
EndProject
Project("{2150E333-8FDC-42A3-9474-1A3956D46DE8}") = "prepare", "prepare", "{C8187D70-A997-4C3D-B052-E57C6E4DF701}"
EndProject
Project("{9A19103F-16F7-4668-BE54-9A1E7A4F7556}") = "Learning02", "prepare\Learning02\Learning02.csproj", "{52023FCB-41DF-4ECC-AEA8-16678667D920}"
EndProject
Project("{9A19103F-16F7-4668-BE54-9A1E7A4F7556}") = "Learning03", "prepare\Learning03\Learning03.csproj", "{3B3BAFD1-5D67-4FFA-B2B2-8EB83A2F6CDB}"
EndProject
Project("{9A19103F-16F7-4668-BE54-9A1E7A4F7556}") = "Learning04", "prepare\Learning04\Learning04.csproj", "{5A1A6BD5-2AAF-4EA8-A2DC-3861EF7E01A9}"
EndProject
Project("{9A19103F-16F7-4668-BE54-9A1E7A4F7556}") = "Learning05", "prepare\Learning05\Learning05.csproj", "{F281FEA5-5F61-45E9-9A6C-A1E2CC07566E}"
EndProject
Project("{2150E333-8FDC-42A3-9474-1A3956D46DE8}") = "prove", "prove", "{5C84ED08-AF14-4518-8BC2-05BDD0557D2D}"
EndProject
Project("{9A19103F-16F7-4668-BE54-9A1E7A4F7556}") = "Develop02", "prove\Develop02\Develop02.csproj", "{414BAA9F-B424-429B-A3C1-929D21B1A282}"
EndProject
Project("{9A19103F-16F7-4668-BE54-9A1E7A4F7556}") = "Develop03", "prove\Develop03\Develop03.csproj", "{1C2E2BA3-8828-4D1B-BBE7-D63C3CBFE1A5}"
EndProject
Project("{9A19103F-16F7-4668-BE54-9A1E7A4F7556}") = "Develop04", "prove\Develop04\Develop04.csproj", "{6F26E3D6-F7A7-4461-904A-CF7AAFD50DF8}"
EndProject
Project("{9A19103F-16F7-4668-BE54-9A1E7A4F7556}") = "Develop05", "prove\Develop05\Develop05.csproj", "{423DCDBF-5A48-4EED-9A81-9C64FFABA62D}"
EndProject
Project("{2150E333-8FDC-42A3-9474-1A3956D46DE8}") = "sandbox", "sandbox", "{A4A1044F-EFA7-4D36-A907-6AE6E8EB3F28}"
EndProject
Project("{9A19103F-16F7-4668-BE54-9A1E7A4F7556}") = "Sandbox", "sandbox\Sandbox\Sandbox.csproj", "{C483E9AC-9056-46BF-A5A2-CD30751CD47B}"
EndProject
Global
	GlobalSection(SolutionConfigurationPlatforms) = preSolution
		Debug|Any CPU = Debug|Any CPU
		Release|Any CPU = Release|Any CPU
	EndGlobalSection
	GlobalSection(ProjectConfigurationPlatforms) = postSolution
		{FDC59BDB-5D13-4FB2-A212-F4696A69DF82}.Debug|Any CPU.ActiveCfg = Debug|Any CPU
		{FDC59BDB-5D13-4FB2-A212-F4696A69DF82}.Debug|Any CPU.Build.0 = Debug|Any CPU
		{FDC59BDB-5D13-4FB2-A212-F4696A69DF82}.Release|Any CPU.ActiveCfg = Release|Any CPU
		{FDC59BDB-5D13-4FB2-A212-F4696A69DF82}.Release|Any CPU.Build.0 = Release|Any CPU
		{514D8AA6-2266-41AC-89EC-5EA46497A616}.Debug|Any CPU.ActiveCfg = Debug|Any CPU
		{514D8AA6-2266-41AC-89EC-5EA46497A616}.Debug|Any CPU.Build.0 = Debug|Any CPU
		{514D8AA6-2266-41AC-89EC-5EA46497A616}.Release|Any CPU.ActiveCfg = Release|Any CPU
		{514D8AA6-2266-41AC-89EC-5EA46497A616}.Release|Any CPU.Build.0 = Release|Any CPU
		{44E03B4F-5D05-4303-BEB1-B1B85962460B}.Debug|Any CPU.ActiveCfg = Debug|Any CPU
		{44E03B4F-5D05-4303-BEB1-B1B85962460B}.Debug|Any CPU.Build.0 = Debug|Any CPU
		{44E03B4F-5D05-4303-BEB1-B1B85962460B}.Release|Any CPU.ActiveCfg = Release|Any CPU
		{44E03B4F-5D05-4303-BEB1-B1B85962460B}.Release|Any CPU.Build.0 = Release|Any CPU
		{A921A38A-5D19-4885-8626-7350E30135D1}.Debug|Any CPU.ActiveCfg = Debug|Any CPU
		{A921A38A-5D19-4885-8626-7350E30135D1}.Debug|Any CPU.Build.0 = Debug|Any CPU
		{A921A38A-5D19-4885-8626-7350E30135D1}.Release|Any CPU.ActiveCfg = Release|Any CPU
		{A921A38A-5D19-4885-8626-7350E30135D1}.Release|Any CPU.Build.0 = Release|Any CPU
		{0592D032-EC16-4ABC-9E80-3CC295654B4F}.Debug|Any CPU.ActiveCfg = Debug|Any CPU
		{0592D032-EC16-4ABC-9E80-3CC295654B4F}.Debug|Any CPU.Build.0 = Debug|Any CPU
		{0592D032-EC16-4ABC-9E80-3CC295654B4F}.Release|Any CPU.ActiveCfg = Release|Any CPU
		{0592D032-EC16-4ABC-9E80-3CC295654B4F}.Release|Any CPU.Build.0 = Release|Any CPU
		{FFEEDC31-7C8C-4E72-AFC4-33DD0CE291F1}.Debug|Any CPU.ActiveCfg = Debug|Any CPU
		{FFEEDC31-7C8C-4E72-AFC4-33DD0CE291F1}.Debug|Any CPU.Build.0 = Debug|Any CPU
		{FFEEDC31-7C8C-4E72-AFC4-33DD0CE291F1}.Release|Any CPU.ActiveCfg = Release|Any CPU
		{FFEEDC31-7C8C-4E72-AFC4-33DD0CE291F1}.Release|Any CPU.Build.0 = Release|Any CPU
		{D7DFBAC4-6A3D-4FB1-9A0D-1946238D0437}.Debug|Any CPU.ActiveCfg = Debug|Any CPU
		{D7DFBAC4-6A3D-4FB1-9A0D-1946238D0437}.Debug|Any CPU.Build.0 = Debug|Any CPU
		{D7DFBAC4-6A3D-4FB1-9A0D-1946238D0437}.Release|Any CPU.ActiveCfg = Release|Any CPU
		{D7DFBAC4-6A3D-4FB1-9A0D-1946238D0437}.Release|Any CPU.Build.0 = Release|Any CPU
		{2D9847AF-FB9C-45A4-AD1C-DD3382468A47}.Debug|Any CPU.ActiveCfg = Debug|Any CPU
		{2D9847AF-FB9C-45A4-AD1C-DD3382468A47}.Debug|Any CPU.Build.0 = Debug|Any CPU
		{2D9847AF-FB9C-45A4-AD1C-DD3382468A47}.Release|Any CPU.ActiveCfg = Release|Any CPU
		{2D9847AF-FB9C-45A4-AD1C-DD3382468A47}.Release|Any CPU.Build.0 = Release|Any CPU
		{01F2C7BA-09A0-4A5E-A07D-677EAA8D8492}.Debug|Any CPU.ActiveCfg = Debug|Any CPU
		{01F2C7BA-09A0-4A5E-A07D-677EAA8D8492}.Debug|Any CPU.Build.0 = Debug|Any CPU
		{01F2C7BA-09A0-4A5E-A07D-677EAA8D8492}.Release|Any CPU.ActiveCfg = Release|Any CPU
		{01F2C7BA-09A0-4A5E-A07D-677EAA8D8492}.Release|Any CPU.Build.0 = Release|Any CPU
		{7159F33A-2A56-414B-9C34-BB4B7CD449B7}.Debug|Any CPU.ActiveCfg = Debug|Any CPU
		{7159F33A-2A56-414B-9C34-BB4B7CD449B7}.Debug|Any CPU.Build.0 = Debug|Any CPU
		{7159F33A-2A56-414B-9C34-BB4B7CD449B7}.Release|Any CPU.ActiveCfg = Release|Any CPU
		{7159F33A-2A56-414B-9C34-BB4B7CD449B7}.Release|Any CPU.Build.0 = Release|Any CPU
		{52023FCB-41DF-4ECC-AEA8-16678667D920}.Debug|Any CPU.ActiveCfg = Debug|Any CPU
		{52023FCB-41DF-4ECC-AEA8-16678667D920}.Debug|Any CPU.Build.0 = Debug|Any CPU
		{52023FCB-41DF-4ECC-AEA8-16678667D920}.Release|Any CPU.ActiveCfg = Release|Any CPU
		{52023FCB-41DF-4ECC-AEA8-16678667D920}.Release|Any CPU.Build.0 = Release|Any CPU
		{3B3BAFD1-5D67-4FFA-B2B2-8EB83A2F6CDB}.Debug|Any CPU.ActiveCfg = Debug|Any CPU
		{3B3BAFD1-5D67-4FFA-B2B2-8EB83A2F6CDB}.Debug|Any CPU.Build.0 = Debug|Any CPU
		{3B3BAFD1-5D67-4FFA-B2B2-8EB83A2F6CDB}.Release|Any CPU.ActiveCfg = Release|Any CPU
		{3B3BAFD1-5D67-4FFA-B2B2-8EB83A2F6CDB}.Release|Any CPU.Build.0 = Release|Any CPU
		{5A1A6BD5-2AAF-4EA8-A2DC-3861EF7E01A9}.Debug|Any CPU.ActiveCfg = Debug|Any CPU
		{5A1A6BD5-2AAF-4EA8-A2DC-3861EF7E01A9}.Debug|Any CPU.Build.0 = Debug|Any CPU
		{5A1A6BD5-2AAF-4EA8-A2DC-3861EF7E01A9}.Release|Any CPU.ActiveCfg = Release|Any CPU
		{5A1A6BD5-2AAF-4EA8-A2DC-3861EF7E01A9}.Release|Any CPU.Build.0 = Release|Any CPU
		{F281FEA5-5F61-45E9-9A6C-A1E2CC07566E}.Debug|Any CPU.ActiveCfg = Debug|Any CPU
		{F281FEA5-5F61-45E9-9A6C-A1E2CC07566E}.Debug|Any CPU.Build.0 = Debug|Any CPU
		{F281FEA5-5F61-45E9-9A6C-A1E2CC07566E}.Release|Any CPU.ActiveCfg = Release|Any CPU
		{F281FEA5-5F61-45E9-9A6C-A1E2CC07566E}.Release|Any CPU.Build.0 = Release|Any CPU
		{414BAA9F-B424-429B-A3C1-929D21B1A282}.Debug|Any CPU.ActiveCfg = Debug|Any CPU
		{414BAA9F-B424-429B-A3C1-929D21B1A282}.Debug|Any CPU.Build.0 = Debug|Any CPU
		{414BAA9F-B424-429B-A3C1-929D21B1A282}.Release|Any CPU.ActiveCfg = Release|Any CPU
		{414BAA9F-B424-429B-A3C1-929D21B1A282}.Release|Any CPU.Build.0 = Release|Any CPU
		{1C2E2BA3-8828-4D1B-BBE7-D63C3CBFE1A5}.Debug|Any CPU.ActiveCfg = Debug|Any CPU
		{1C2E2BA3-8828-4D1B-BBE7-D63C3CBFE1A5}.Debug|Any CPU.Build.0 = Debug|Any CPU
		{1C2E2BA3-8828-4D1B-BBE7-D63C3CBFE1A5}.Release|Any CPU.ActiveCfg = Release|Any CPU
		{1C2E2BA3-8828-4D1B-BBE7-D63C3CBFE1A5}.Release|Any CPU.Build.0 = Release|Any CPU
		{6F26E3D6-F7A7-4461-904A-CF7AAFD50DF8}.Debug|Any CPU.ActiveCfg = Debug|Any CPU
		{6F26E3D6-F7A7-4461-904A-CF7AAFD50DF8}.Debug|Any CPU.Build.0 = Debug|Any CPU
		{6F26E3D6-F7A7-4461-904A-CF7AAFD50DF8}.Release|Any CPU.ActiveCfg = Release|Any CPU
		{6F26E3D6-F7A7-4461-904A-CF7AAFD50DF8}.Release|Any CPU.Build.0 = Release|Any CPU
		{423DCDBF-5A48-4EED-9A81-9C64FFABA62D}.Debug|Any CPU.ActiveCfg = Debug|Any CPU
		{423DCDBF-5A48-4EED-9A81-9C64FFABA62D}.Debug|Any CPU.Build.0 = Debug|Any CPU
		{423DCDBF-5A48-4EED-9A81-9C64FFABA62D}.Release|Any CPU.ActiveCfg = Release|Any CPU
		{423DCDBF-5A48-4EED-9A81-9C64FFABA62D}.Release|Any CPU.Build.0 = Release|Any CPU
		{C483E9AC-9056-46BF-A5A2-CD30751CD47B}.Debug|Any CPU.ActiveCfg = Debug|Any CPU
		{C483E9AC-9056-46BF-A5A2-CD30751CD47B}.Debug|Any CPU.Build.0 = Debug|Any CPU
		{C483E9AC-9056-46BF-A5A2-CD30751CD47B}.Release|Any CPU.ActiveCfg = Release|Any CPU
		{C483E9AC-9056-46BF-A5A2-CD30751CD47B}.Release|Any CPU.Build.0 = Release|Any CPU
	EndGlobalSection
	GlobalSection(SolutionProperties) = preSolution
		HideSolutionNode = FALSE
	EndGlobalSection
	GlobalSection(NestedProjects) = preSolution
		{FDC59BDB-5D13-4FB2-A212-F4696A69DF82} = {6E6A7A97-99D7-4058-B4B2-A2DDF6B95D06}
		{514D8AA6-2266-41AC-89EC-5EA46497A616} = {6E6A7A97-99D7-4058-B4B2-A2DDF6B95D06}
		{44E03B4F-5D05-4303-BEB1-B1B85962460B} = {6E6A7A97-99D7-4058-B4B2-A2DDF6B95D06}
		{A921A38A-5D19-4885-8626-7350E30135D1} = {6E6A7A97-99D7-4058-B4B2-A2DDF6B95D06}
		{0592D032-EC16-4ABC-9E80-3CC295654B4F} = {6E6A7A97-99D7-4058-B4B2-A2DDF6B95D06}
		{FFEEDC31-7C8C-4E72-AFC4-33DD0CE291F1} = {FC2737B7-9381-4038-AADA-99854D949D37}
		{D7DFBAC4-6A3D-4FB1-9A0D-1946238D0437} = {FC2737B7-9381-4038-AADA-99854D949D37}
		{2D9847AF-FB9C-45A4-AD1C-DD3382468A47} = {FC2737B7-9381-4038-AADA-99854D949D37}
		{01F2C7BA-09A0-4A5E-A07D-677EAA8D8492} = {FC2737B7-9381-4038-AADA-99854D949D37}
		{7159F33A-2A56-414B-9C34-BB4B7CD449B7} = {FC2737B7-9381-4038-AADA-99854D949D37}
		{52023FCB-41DF-4ECC-AEA8-16678667D920} = {C8187D70-A997-4C3D-B052-E57C6E4DF701}
		{3B3BAFD1-5D67-4FFA-B2B2-8EB83A2F6CDB} = {C8187D70-A997-4C3D-B052-E57C6E4DF701}
		{5A1A6BD5-2AAF-4EA8-A2DC-3861EF7E01A9} = {C8187D70-A997-4C3D-B052-E57C6E4DF701}
		{F281FEA5-5F61-45E9-9A6C-A1E2CC07566E} = {C8187D70-A997-4C3D-B052-E57C6E4DF701}
		{414BAA9F-B424-429B-A3C1-929D21B1A282} = {5C84ED08-AF14-4518-8BC2-05BDD0557D2D}
		{1C2E2BA3-8828-4D1B-BBE7-D63C3CBFE1A5} = {5C84ED08-AF14-4518-8BC2-05BDD0557D2D}
		{6F26E3D6-F7A7-4461-904A-CF7AAFD50DF8} = {5C84ED08-AF14-4518-8BC2-05BDD0557D2D}
		{423DCDBF-5A48-4EED-9A81-9C64FFABA62D} = {5C84ED08-AF14-4518-8BC2-05BDD0557D2D}
		{C483E9AC-9056-46BF-A5A2-CD30751CD47B} = {A4A1044F-EFA7-4D36-A907-6AE6E8EB3F28}
	EndGlobalSection
	GlobalSection(ExtensibilityGlobals) = postSolution
		SolutionGuid = {3907BD7F-A041-4AD5-9CD2-9EC7421FE86B}
	EndGlobalSection
EndGlobal
